// !$*UTF8*$!
{
	archiveVersion = 1;
	classes = {
	};
	objectVersion = 46;
	objects = {

/* Begin PBXBuildFile section */
		580C46691B8198DA00A2FFD4 /* AppDelegate.swift in Sources */ = {isa = PBXBuildFile; fileRef = 580C46681B8198DA00A2FFD4 /* AppDelegate.swift */; };
		580C466C1B8198DA00A2FFD4 /* TinderSimpleSwipeCardsSwift.xcdatamodeld in Sources */ = {isa = PBXBuildFile; fileRef = 580C466A1B8198DA00A2FFD4 /* TinderSimpleSwipeCardsSwift.xcdatamodeld */; };
		580C466E1B8198DA00A2FFD4 /* ViewController.swift in Sources */ = {isa = PBXBuildFile; fileRef = 580C466D1B8198DA00A2FFD4 /* ViewController.swift */; };
		580C46711B8198DA00A2FFD4 /* Main.storyboard in Resources */ = {isa = PBXBuildFile; fileRef = 580C466F1B8198DA00A2FFD4 /* Main.storyboard */; };
		580C46731B8198DA00A2FFD4 /* Images.xcassets in Resources */ = {isa = PBXBuildFile; fileRef = 580C46721B8198DA00A2FFD4 /* Images.xcassets */; };
		580C46761B8198DA00A2FFD4 /* LaunchScreen.xib in Resources */ = {isa = PBXBuildFile; fileRef = 580C46741B8198DA00A2FFD4 /* LaunchScreen.xib */; };
		580C46821B8198DA00A2FFD4 /* TinderSimpleSwipeCardsSwiftTests.swift in Sources */ = {isa = PBXBuildFile; fileRef = 580C46811B8198DA00A2FFD4 /* TinderSimpleSwipeCardsSwiftTests.swift */; };
/* End PBXBuildFile section */

/* Begin PBXContainerItemProxy section */
		580C467C1B8198DA00A2FFD4 /* PBXContainerItemProxy */ = {
			isa = PBXContainerItemProxy;
			containerPortal = 580C465B1B8198DA00A2FFD4 /* Project object */;
			proxyType = 1;
			remoteGlobalIDString = 580C46621B8198DA00A2FFD4;
			remoteInfo = TinderSimpleSwipeCardsSwift;
		};
/* End PBXContainerItemProxy section */

/* Begin PBXFileReference section */
		580C46631B8198DA00A2FFD4 /* TinderSimpleSwipeCardsSwift.app */ = {isa = PBXFileReference; explicitFileType = wrapper.application; includeInIndex = 0; path = TinderSimpleSwipeCardsSwift.app; sourceTree = BUILT_PRODUCTS_DIR; };
		580C46671B8198DA00A2FFD4 /* Info.plist */ = {isa = PBXFileReference; lastKnownFileType = text.plist.xml; path = Info.plist; sourceTree = "<group>"; };
		580C46681B8198DA00A2FFD4 /* AppDelegate.swift */ = {isa = PBXFileReference; lastKnownFileType = sourcecode.swift; path = AppDelegate.swift; sourceTree = "<group>"; };
		580C466B1B8198DA00A2FFD4 /* TinderSimpleSwipeCardsSwift.xcdatamodel */ = {isa = PBXFileReference; lastKnownFileType = wrapper.xcdatamodel; path = TinderSimpleSwipeCardsSwift.xcdatamodel; sourceTree = "<group>"; };
		580C466D1B8198DA00A2FFD4 /* ViewController.swift */ = {isa = PBXFileReference; lastKnownFileType = sourcecode.swift; path = ViewController.swift; sourceTree = "<group>"; };
		580C46701B8198DA00A2FFD4 /* Base */ = {isa = PBXFileReference; lastKnownFileType = file.storyboard; name = Base; path = Base.lproj/Main.storyboard; sourceTree = "<group>"; };
		580C46721B8198DA00A2FFD4 /* Images.xcassets */ = {isa = PBXFileReference; lastKnownFileType = folder.assetcatalog; path = Images.xcassets; sourceTree = "<group>"; };
		580C46751B8198DA00A2FFD4 /* Base */ = {isa = PBXFileReference; lastKnownFileType = file.xib; name = Base; path = Base.lproj/LaunchScreen.xib; sourceTree = "<group>"; };
		580C467B1B8198DA00A2FFD4 /* TinderSimpleSwipeCardsSwiftTests.xctest */ = {isa = PBXFileReference; explicitFileType = wrapper.cfbundle; includeInIndex = 0; path = TinderSimpleSwipeCardsSwiftTests.xctest; sourceTree = BUILT_PRODUCTS_DIR; };
		580C46801B8198DA00A2FFD4 /* Info.plist */ = {isa = PBXFileReference; lastKnownFileType = text.plist.xml; path = Info.plist; sourceTree = "<group>"; };
		580C46811B8198DA00A2FFD4 /* TinderSimpleSwipeCardsSwiftTests.swift */ = {isa = PBXFileReference; lastKnownFileType = sourcecode.swift; path = TinderSimpleSwipeCardsSwiftTests.swift; sourceTree = "<group>"; };
/* End PBXFileReference section */

/* Begin PBXFrameworksBuildPhase section */
		580C46601B8198DA00A2FFD4 /* Frameworks */ = {
			isa = PBXFrameworksBuildPhase;
			buildActionMask = 2147483647;
			files = (
			);
			runOnlyForDeploymentPostprocessing = 0;
		};
		580C46781B8198DA00A2FFD4 /* Frameworks */ = {
			isa = PBXFrameworksBuildPhase;
			buildActionMask = 2147483647;
			files = (
			);
			runOnlyForDeploymentPostprocessing = 0;
		};
/* End PBXFrameworksBuildPhase section */

/* Begin PBXGroup section */
		580C465A1B8198DA00A2FFD4 = {
			isa = PBXGroup;
			children = (
				580C46651B8198DA00A2FFD4 /* TinderSimpleSwipeCardsSwift */,
				580C467E1B8198DA00A2FFD4 /* TinderSimpleSwipeCardsSwiftTests */,
				580C46641B8198DA00A2FFD4 /* Products */,
			);
			sourceTree = "<group>";
		};
		580C46641B8198DA00A2FFD4 /* Products */ = {
			isa = PBXGroup;
			children = (
				580C46631B8198DA00A2FFD4 /* TinderSimpleSwipeCardsSwift.app */,
				580C467B1B8198DA00A2FFD4 /* TinderSimpleSwipeCardsSwiftTests.xctest */,
			);
			name = Products;
			sourceTree = "<group>";
		};
		580C46651B8198DA00A2FFD4 /* TinderSimpleSwipeCardsSwift */ = {
			isa = PBXGroup;
			children = (
				580C46681B8198DA00A2FFD4 /* AppDelegate.swift */,
				580C466D1B8198DA00A2FFD4 /* ViewController.swift */,
				580C466F1B8198DA00A2FFD4 /* Main.storyboard */,
				580C46721B8198DA00A2FFD4 /* Images.xcassets */,
				580C46741B8198DA00A2FFD4 /* LaunchScreen.xib */,
				580C466A1B8198DA00A2FFD4 /* TinderSimpleSwipeCardsSwift.xcdatamodeld */,
				580C46661B8198DA00A2FFD4 /* Supporting Files */,
			);
			path = TinderSimpleSwipeCardsSwift;
			sourceTree = "<group>";
		};
		580C46661B8198DA00A2FFD4 /* Supporting Files */ = {
			isa = PBXGroup;
			children = (
				580C46671B8198DA00A2FFD4 /* Info.plist */,
			);
			name = "Supporting Files";
			sourceTree = "<group>";
		};
		580C467E1B8198DA00A2FFD4 /* TinderSimpleSwipeCardsSwiftTests */ = {
			isa = PBXGroup;
			children = (
				580C46811B8198DA00A2FFD4 /* TinderSimpleSwipeCardsSwiftTests.swift */,
				580C467F1B8198DA00A2FFD4 /* Supporting Files */,
			);
			path = TinderSimpleSwipeCardsSwiftTests;
			sourceTree = "<group>";
		};
		580C467F1B8198DA00A2FFD4 /* Supporting Files */ = {
			isa = PBXGroup;
			children = (
				580C46801B8198DA00A2FFD4 /* Info.plist */,
			);
			name = "Supporting Files";
			sourceTree = "<group>";
		};
/* End PBXGroup section */

/* Begin PBXNativeTarget section */
		580C46621B8198DA00A2FFD4 /* TinderSimpleSwipeCardsSwift */ = {
			isa = PBXNativeTarget;
			buildConfigurationList = 580C46851B8198DA00A2FFD4 /* Build configuration list for PBXNativeTarget "TinderSimpleSwipeCardsSwift" */;
			buildPhases = (
				580C465F1B8198DA00A2FFD4 /* Sources */,
				580C46601B8198DA00A2FFD4 /* Frameworks */,
				580C46611B8198DA00A2FFD4 /* Resources */,
			);
			buildRules = (
			);
			dependencies = (
			);
			name = TinderSimpleSwipeCardsSwift;
			productName = TinderSimpleSwipeCardsSwift;
			productReference = 580C46631B8198DA00A2FFD4 /* TinderSimpleSwipeCardsSwift.app */;
			productType = "com.apple.product-type.application";
		};
		580C467A1B8198DA00A2FFD4 /* TinderSimpleSwipeCardsSwiftTests */ = {
			isa = PBXNativeTarget;
			buildConfigurationList = 580C46881B8198DA00A2FFD4 /* Build configuration list for PBXNativeTarget "TinderSimpleSwipeCardsSwiftTests" */;
			buildPhases = (
				580C46771B8198DA00A2FFD4 /* Sources */,
				580C46781B8198DA00A2FFD4 /* Frameworks */,
				580C46791B8198DA00A2FFD4 /* Resources */,
			);
			buildRules = (
			);
			dependencies = (
				580C467D1B8198DA00A2FFD4 /* PBXTargetDependency */,
			);
			name = TinderSimpleSwipeCardsSwiftTests;
			productName = TinderSimpleSwipeCardsSwiftTests;
			productReference = 580C467B1B8198DA00A2FFD4 /* TinderSimpleSwipeCardsSwiftTests.xctest */;
			productType = "com.apple.product-type.bundle.unit-test";
		};
/* End PBXNativeTarget section */

/* Begin PBXProject section */
		580C465B1B8198DA00A2FFD4 /* Project object */ = {
			isa = PBXProject;
			attributes = {
				LastUpgradeCheck = 0640;
				ORGANIZATIONNAME = sydneyuser;
				TargetAttributes = {
					580C46621B8198DA00A2FFD4 = {
						CreatedOnToolsVersion = 6.4;
					};
					580C467A1B8198DA00A2FFD4 = {
						CreatedOnToolsVersion = 6.4;
						TestTargetID = 580C46621B8198DA00A2FFD4;
					};
				};
			};
			buildConfigurationList = 580C465E1B8198DA00A2FFD4 /* Build configuration list for PBXProject "TinderSimpleSwipeCardsSwift" */;
			compatibilityVersion = "Xcode 3.2";
			developmentRegion = English;
			hasScannedForEncodings = 0;
			knownRegions = (
				en,
				Base,
			);
			mainGroup = 580C465A1B8198DA00A2FFD4;
			productRefGroup = 580C46641B8198DA00A2FFD4 /* Products */;
			projectDirPath = "";
			projectRoot = "";
			targets = (
				580C46621B8198DA00A2FFD4 /* TinderSimpleSwipeCardsSwift */,
				580C467A1B8198DA00A2FFD4 /* TinderSimpleSwipeCardsSwiftTests */,
			);
		};
/* End PBXProject section */

/* Begin PBXResourcesBuildPhase section */
		580C46611B8198DA00A2FFD4 /* Resources */ = {
			isa = PBXResourcesBuildPhase;
			buildActionMask = 2147483647;
			files = (
				580C46711B8198DA00A2FFD4 /* Main.storyboard in Resources */,
				580C46761B8198DA00A2FFD4 /* LaunchScreen.xib in Resources */,
				580C46731B8198DA00A2FFD4 /* Images.xcassets in Resources */,
			);
			runOnlyForDeploymentPostprocessing = 0;
		};
		580C46791B8198DA00A2FFD4 /* Resources */ = {
			isa = PBXResourcesBuildPhase;
			buildActionMask = 2147483647;
			files = (
			);
			runOnlyForDeploymentPostprocessing = 0;
		};
/* End PBXResourcesBuildPhase section */

/* Begin PBXSourcesBuildPhase section */
		580C465F1B8198DA00A2FFD4 /* Sources */ = {
			isa = PBXSourcesBuildPhase;
			buildActionMask = 2147483647;
			files = (
				580C466E1B8198DA00A2FFD4 /* ViewController.swift in Sources */,
				580C466C1B8198DA00A2FFD4 /* TinderSimpleSwipeCardsSwift.xcdatamodeld in Sources */,
				580C46691B8198DA00A2FFD4 /* AppDelegate.swift in Sources */,
			);
			runOnlyForDeploymentPostprocessing = 0;
		};
		580C46771B8198DA00A2FFD4 /* Sources */ = {
			isa = PBXSourcesBuildPhase;
			buildActionMask = 2147483647;
			files = (
				580C46821B8198DA00A2FFD4 /* TinderSimpleSwipeCardsSwiftTests.swift in Sources */,
			);
			runOnlyForDeploymentPostprocessing = 0;
		};
/* End PBXSourcesBuildPhase section */

/* Begin PBXTargetDependency section */
		580C467D1B8198DA00A2FFD4 /* PBXTargetDependency */ = {
			isa = PBXTargetDependency;
			target = 580C46621B8198DA00A2FFD4 /* TinderSimpleSwipeCardsSwift */;
			targetProxy = 580C467C1B8198DA00A2FFD4 /* PBXContainerItemProxy */;
		};
/* End PBXTargetDependency section */

/* Begin PBXVariantGroup section */
		580C466F1B8198DA00A2FFD4 /* Main.storyboard */ = {
			isa = PBXVariantGroup;
			children = (
				580C46701B8198DA00A2FFD4 /* Base */,
			);
			name = Main.storyboard;
			sourceTree = "<group>";
		};
		580C46741B8198DA00A2FFD4 /* LaunchScreen.xib */ = {
			isa = PBXVariantGroup;
			children = (
				580C46751B8198DA00A2FFD4 /* Base */,
			);
			name = LaunchScreen.xib;
			sourceTree = "<group>";
		};
/* End PBXVariantGroup section */

/* Begin XCBuildConfiguration section */
		580C46831B8198DA00A2FFD4 /* Debug */ = {
			isa = XCBuildConfiguration;
			buildSettings = {
				ALWAYS_SEARCH_USER_PATHS = NO;
				CLANG_CXX_LANGUAGE_STANDARD = "gnu++0x";
				CLANG_CXX_LIBRARY = "libc++";
				CLANG_ENABLE_MODULES = YES;
				CLANG_ENABLE_OBJC_ARC = YES;
				CLANG_WARN_BOOL_CONVERSION = YES;
				CLANG_WARN_CONSTANT_CONVERSION = YES;
				CLANG_WARN_DIRECT_OBJC_ISA_USAGE = YES_ERROR;
				CLANG_WARN_EMPTY_BODY = YES;
				CLANG_WARN_ENUM_CONVERSION = YES;
				CLANG_WARN_INT_CONVERSION = YES;
				CLANG_WARN_OBJC_ROOT_CLASS = YES_ERROR;
				CLANG_WARN_UNREACHABLE_CODE = YES;
				CLANG_WARN__DUPLICATE_METHOD_MATCH = YES;
				"CODE_SIGN_IDENTITY[sdk=iphoneos*]" = "iPhone Developer";
				COPY_PHASE_STRIP = NO;
				DEBUG_INFORMATION_FORMAT = "dwarf-with-dsym";
				ENABLE_STRICT_OBJC_MSGSEND = YES;
				GCC_C_LANGUAGE_STANDARD = gnu99;
				GCC_DYNAMIC_NO_PIC = NO;
				GCC_NO_COMMON_BLOCKS = YES;
				GCC_OPTIMIZATION_LEVEL = 0;
				GCC_PREPROCESSOR_DEFINITIONS = (
					"DEBUG=1",
					"$(inherited)",
				);
				GCC_SYMBOLS_PRIVATE_EXTERN = NO;
				GCC_WARN_64_TO_32_BIT_CONVERSION = YES;
				GCC_WARN_ABOUT_RETURN_TYPE = YES_ERROR;
				GCC_WARN_UNDECLARED_SELECTOR = YES;
				GCC_WARN_UNINITIALIZED_AUTOS = YES_AGGRESSIVE;
				GCC_WARN_UNUSED_FUNCTION = YES;
				GCC_WARN_UNUSED_VARIABLE = YES;
				IPHONEOS_DEPLOYMENT_TARGET = 8.4;
				MTL_ENABLE_DEBUG_INFO = YES;
				ONLY_ACTIVE_ARCH = YES;
				SDKROOT = iphoneos;
				SWIFT_OPTIMIZATION_LEVEL = "-Onone";
			};
			name = Debug;
		};
		580C46841B8198DA00A2FFD4 /* Release */ = {
			isa = XCBuildConfiguration;
			buildSettings = {
				ALWAYS_SEARCH_USER_PATHS = NO;
				CLANG_CXX_LANGUAGE_STANDARD = "gnu++0x";
				CLANG_CXX_LIBRARY = "libc++";
				CLANG_ENABLE_MODULES = YES;
				CLANG_ENABLE_OBJC_ARC = YES;
				CLANG_WARN_BOOL_CONVERSION = YES;
				CLANG_WARN_CONSTANT_CONVERSION = YES;
				CLANG_WARN_DIRECT_OBJC_ISA_USAGE = YES_ERROR;
				CLANG_WARN_EMPTY_BODY = YES;
				CLANG_WARN_ENUM_CONVERSION = YES;
				CLANG_WARN_INT_CONVERSION = YES;
				CLANG_WARN_OBJC_ROOT_CLASS = YES_ERROR;
				CLANG_WARN_UNREACHABLE_CODE = YES;
				CLANG_WARN__DUPLICATE_METHOD_MATCH = YES;
				"CODE_SIGN_IDENTITY[sdk=iphoneos*]" = "iPhone Developer";
				COPY_PHASE_STRIP = NO;
				DEBUG_INFORMATION_FORMAT = "dwarf-with-dsym";
				ENABLE_NS_ASSERTIONS = NO;
				ENABLE_STRICT_OBJC_MSGSEND = YES;
				GCC_C_LANGUAGE_STANDARD = gnu99;
				GCC_NO_COMMON_BLOCKS = YES;
				GCC_WARN_64_TO_32_BIT_CONVERSION = YES;
				GCC_WARN_ABOUT_RETURN_TYPE = YES_ERROR;
				GCC_WARN_UNDECLARED_SELECTOR = YES;
				GCC_WARN_UNINITIALIZED_AUTOS = YES_AGGRESSIVE;
				GCC_WARN_UNUSED_FUNCTION = YES;
				GCC_WARN_UNUSED_VARIABLE = YES;
				IPHONEOS_DEPLOYMENT_TARGET = 8.4;
				MTL_ENABLE_DEBUG_INFO = NO;
				SDKROOT = iphoneos;
				VALIDATE_PRODUCT = YES;
			};
			name = Release;
		};
		580C46861B8198DA00A2FFD4 /* Debug */ = {
			isa = XCBuildConfiguration;
			buildSettings = {
				ASSETCATALOG_COMPILER_APPICON_NAME = AppIcon;
				INFOPLIST_FILE = TinderSimpleSwipeCardsSwift/Info.plist;
				LD_RUNPATH_SEARCH_PATHS = "$(inherited) @executable_path/Frameworks";
				PRODUCT_NAME = "$(TARGET_NAME)";
			};
			name = Debug;
		};
		580C46871B8198DA00A2FFD4 /* Release */ = {
			isa = XCBuildConfiguration;
			buildSettings = {
				ASSETCATALOG_COMPILER_APPICON_NAME = AppIcon;
				INFOPLIST_FILE = TinderSimpleSwipeCardsSwift/Info.plist;
				LD_RUNPATH_SEARCH_PATHS = "$(inherited) @executable_path/Frameworks";
				PRODUCT_NAME = "$(TARGET_NAME)";
			};
			name = Release;
		};
		580C46891B8198DA00A2FFD4 /* Debug */ = {
			isa = XCBuildConfiguration;
			buildSettings = {
				BUNDLE_LOADER = "$(TEST_HOST)";
				FRAMEWORK_SEARCH_PATHS = (
					"$(SDKROOT)/Developer/Library/Frameworks",
					"$(inherited)",
				);
				GCC_PREPROCESSOR_DEFINITIONS = (
					"DEBUG=1",
					"$(inherited)",
				);
				INFOPLIST_FILE = TinderSimpleSwipeCardsSwiftTests/Info.plist;
				LD_RUNPATH_SEARCH_PATHS = "$(inherited) @executable_path/Frameworks @loader_path/Frameworks";
				PRODUCT_NAME = "$(TARGET_NAME)";
				TEST_HOST = "$(BUILT_PRODUCTS_DIR)/TinderSimpleSwipeCardsSwift.app/TinderSimpleSwipeCardsSwift";
			};
			name = Debug;
		};
		580C468A1B8198DA00A2FFD4 /* Release */ = {
			isa = XCBuildConfiguration;
			buildSettings = {
				BUNDLE_LOADER = "$(TEST_HOST)";
				FRAMEWORK_SEARCH_PATHS = (
					"$(SDKROOT)/Developer/Library/Frameworks",
					"$(inherited)",
				);
				INFOPLIST_FILE = TinderSimpleSwipeCardsSwiftTests/Info.plist;
				LD_RUNPATH_SEARCH_PATHS = "$(inherited) @executable_path/Frameworks @loader_path/Frameworks";
				PRODUCT_NAME = "$(TARGET_NAME)";
				TEST_HOST = "$(BUILT_PRODUCTS_DIR)/TinderSimpleSwipeCardsSwift.app/TinderSimpleSwipeCardsSwift";
			};
			name = Release;
		};
/* End XCBuildConfiguration section */

/* Begin XCConfigurationList section */
		580C465E1B8198DA00A2FFD4 /* Build configuration list for PBXProject "TinderSimpleSwipeCardsSwift" */ = {
			isa = XCConfigurationList;
			buildConfigurations = (
				580C46831B8198DA00A2FFD4 /* Debug */,
				580C46841B8198DA00A2FFD4 /* Release */,
			);
			defaultConfigurationIsVisible = 0;
			defaultConfigurationName = Release;
		};
		580C46851B8198DA00A2FFD4 /* Build configuration list for PBXNativeTarget "TinderSimpleSwipeCardsSwift" */ = {
			isa = XCConfigurationList;
			buildConfigurations = (
				580C46861B8198DA00A2FFD4 /* Debug */,
				580C46871B8198DA00A2FFD4 /* Release */,
			);
			defaultConfigurationIsVisible = 0;
		};
		580C46881B8198DA00A2FFD4 /* Build configuration list for PBXNativeTarget "TinderSimpleSwipeCardsSwiftTests" */ = {
			isa = XCConfigurationList;
			buildConfigurations = (
				580C46891B8198DA00A2FFD4 /* Debug */,
				580C468A1B8198DA00A2FFD4 /* Release */,
			);
			defaultConfigurationIsVisible = 0;
		};
/* End XCConfigurationList section */

/* Begin XCVersionGroup section */
		580C466A1B8198DA00A2FFD4 /* TinderSimpleSwipeCardsSwift.xcdatamodeld */ = {
			isa = XCVersionGroup;
			children = (
				580C466B1B8198DA00A2FFD4 /* TinderSimpleSwipeCardsSwift.xcdatamodel */,
			);
			currentVersion = 580C466B1B8198DA00A2FFD4 /* TinderSimpleSwipeCardsSwift.xcdatamodel */;
			path = TinderSimpleSwipeCardsSwift.xcdatamodeld;
			sourceTree = "<group>";
			versionGroupType = wrapper.xcdatamodel;
		};
/* End XCVersionGroup section */
	};
	rootObject = 580C465B1B8198DA00A2FFD4 /* Project object */;
}
